// !$*UTF8*$!
{
	archiveVersion = 1;
	classes = {
	};
	objectVersion = 46;
	objects = {

/* Begin PBXBuildFile section */
		43018BE61EB99FF1004ABF26 /* account_settings_internal.cc in Sources */ = {isa = PBXBuildFile; fileRef = 43018BDF1EB99FF1004ABF26 /* account_settings_internal.cc */; };
		43018BE71EB99FF1004ABF26 /* accountSettings_test.cc in Sources */ = {isa = PBXBuildFile; fileRef = 43018BE01EB99FF1004ABF26 /* accountSettings_test.cc */; };
		43018BE81EB99FF1004ABF26 /* implementation.cc in Sources */ = {isa = PBXBuildFile; fileRef = 43018BE11EB99FF1004ABF26 /* implementation.cc */; };
		43018BE91EB99FF1004ABF26 /* isp_db.cc in Sources */ = {isa = PBXBuildFile; fileRef = 43018BE21EB99FF1004ABF26 /* isp_db.cc */; };
		43018BEA1EB99FF1004ABF26 /* stringpool.cc in Sources */ = {isa = PBXBuildFile; fileRef = 43018BE31EB99FF1004ABF26 /* stringpool.cc */; };
		43018BEB1EB99FF1004ABF26 /* tinyxml2.cc in Sources */ = {isa = PBXBuildFile; fileRef = 43018BE41EB99FF1004ABF26 /* tinyxml2.cc */; };
		43018BEC1EB99FF1004ABF26 /* xml2cxx.cc in Sources */ = {isa = PBXBuildFile; fileRef = 43018BE51EB99FF1004ABF26 /* xml2cxx.cc */; };
		B7089D901EBA2F1A0041F1E5 /* AccountSettingsServer.m in Sources */ = {isa = PBXBuildFile; fileRef = B7089D8F1EBA2F1A0041F1E5 /* AccountSettingsServer.m */; };
		B72E63F81EBB5B4C0022A9D6 /* AccountSettingsProvider.m in Sources */ = {isa = PBXBuildFile; fileRef = B72E63F71EBB5B4C0022A9D6 /* AccountSettingsProvider.m */; };
		B7E050321EB2491E006EC1EC /* ASAccountSettings.m in Sources */ = {isa = PBXBuildFile; fileRef = B7E050311EB2491E006EC1EC /* ASAccountSettings.m */; };
		B7E050331EB2491E006EC1EC /* ASAccountSettings.h in CopyFiles */ = {isa = PBXBuildFile; fileRef = B7E050301EB2491E006EC1EC /* ASAccountSettings.h */; };
/* End PBXBuildFile section */

/* Begin PBXCopyFilesBuildPhase section */
		B7E0502B1EB2491E006EC1EC /* CopyFiles */ = {
			isa = PBXCopyFilesBuildPhase;
			buildActionMask = 2147483647;
			dstPath = "include/$(PRODUCT_NAME)";
			dstSubfolderSpec = 16;
			files = (
				B7E050331EB2491E006EC1EC /* ASAccountSettings.h in CopyFiles */,
			);
			runOnlyForDeploymentPostprocessing = 0;
		};
/* End PBXCopyFilesBuildPhase section */

/* Begin PBXFileReference section */
		43018BDF1EB99FF1004ABF26 /* account_settings_internal.cc */ = {isa = PBXFileReference; fileEncoding = 4; lastKnownFileType = sourcecode.cpp.cpp; name = account_settings_internal.cc; path = ../../src/account_settings_internal.cc; sourceTree = "<group>"; };
		43018BE01EB99FF1004ABF26 /* accountSettings_test.cc */ = {isa = PBXFileReference; fileEncoding = 4; lastKnownFileType = sourcecode.cpp.cpp; name = accountSettings_test.cc; path = ../../src/accountSettings_test.cc; sourceTree = "<group>"; };
		43018BE11EB99FF1004ABF26 /* implementation.cc */ = {isa = PBXFileReference; fileEncoding = 4; lastKnownFileType = sourcecode.cpp.cpp; name = implementation.cc; path = ../../src/implementation.cc; sourceTree = "<group>"; };
		43018BE21EB99FF1004ABF26 /* isp_db.cc */ = {isa = PBXFileReference; fileEncoding = 4; lastKnownFileType = sourcecode.cpp.cpp; name = isp_db.cc; path = ../../src/isp_db.cc; sourceTree = "<group>"; };
		43018BE31EB99FF1004ABF26 /* stringpool.cc */ = {isa = PBXFileReference; fileEncoding = 4; lastKnownFileType = sourcecode.cpp.cpp; name = stringpool.cc; path = ../../src/stringpool.cc; sourceTree = "<group>"; };
		43018BE41EB99FF1004ABF26 /* tinyxml2.cc */ = {isa = PBXFileReference; fileEncoding = 4; lastKnownFileType = sourcecode.cpp.cpp; name = tinyxml2.cc; path = ../../src/tinyxml2.cc; sourceTree = "<group>"; };
		43018BE51EB99FF1004ABF26 /* xml2cxx.cc */ = {isa = PBXFileReference; fileEncoding = 4; lastKnownFileType = sourcecode.cpp.cpp; name = xml2cxx.cc; path = ../../src/xml2cxx.cc; sourceTree = "<group>"; };
		43018BED1EB99FFE004ABF26 /* account_settings.h */ = {isa = PBXFileReference; fileEncoding = 4; lastKnownFileType = sourcecode.c.h; name = account_settings.h; path = ../../include/account_settings.h; sourceTree = "<group>"; };
		43018BEF1EB9A05A004ABF26 /* account_settings_internal.hh */ = {isa = PBXFileReference; fileEncoding = 4; lastKnownFileType = sourcecode.cpp.h; name = account_settings_internal.hh; path = ../../src/account_settings_internal.hh; sourceTree = "<group>"; };
		43018BF01EB9A05A004ABF26 /* accountSettings_test.hh */ = {isa = PBXFileReference; fileEncoding = 4; lastKnownFileType = sourcecode.cpp.h; name = accountSettings_test.hh; path = ../../src/accountSettings_test.hh; sourceTree = "<group>"; };
		43018BF11EB9A05A004ABF26 /* isp_db.hh */ = {isa = PBXFileReference; fileEncoding = 4; lastKnownFileType = sourcecode.cpp.h; name = isp_db.hh; path = ../../src/isp_db.hh; sourceTree = "<group>"; };
		43018BF21EB9A05A004ABF26 /* stringpool.hh */ = {isa = PBXFileReference; fileEncoding = 4; lastKnownFileType = sourcecode.cpp.h; name = stringpool.hh; path = ../../src/stringpool.hh; sourceTree = "<group>"; };
		43018BF31EB9A05A004ABF26 /* tinyxml2.hh */ = {isa = PBXFileReference; fileEncoding = 4; lastKnownFileType = sourcecode.cpp.h; name = tinyxml2.hh; path = ../../src/tinyxml2.hh; sourceTree = "<group>"; };
		43018BF41EB9A05A004ABF26 /* xml2cxx.hh */ = {isa = PBXFileReference; fileEncoding = 4; lastKnownFileType = sourcecode.cpp.h; name = xml2cxx.hh; path = ../../src/xml2cxx.hh; sourceTree = "<group>"; };
		B7089D8F1EBA2F1A0041F1E5 /* AccountSettingsServer.m */ = {isa = PBXFileReference; fileEncoding = 4; lastKnownFileType = sourcecode.c.objc; path = AccountSettingsServer.m; sourceTree = "<group>"; };
		B72E63F71EBB5B4C0022A9D6 /* AccountSettingsProvider.m */ = {isa = PBXFileReference; fileEncoding = 4; lastKnownFileType = sourcecode.c.objc; path = AccountSettingsProvider.m; sourceTree = "<group>"; };
		B72E63F91EBB64210022A9D6 /* AccountSettingsProvider+Internal.h */ = {isa = PBXFileReference; lastKnownFileType = sourcecode.c.h; path = "AccountSettingsProvider+Internal.h"; sourceTree = "<group>"; };
		B781A9461EBC748700519E88 /* AccountSettingsServer+Internal.h */ = {isa = PBXFileReference; lastKnownFileType = sourcecode.c.h; path = "AccountSettingsServer+Internal.h"; sourceTree = "<group>"; };
		B7E0502D1EB2491E006EC1EC /* libAccountSettingsAdapter.a */ = {isa = PBXFileReference; explicitFileType = archive.ar; includeInIndex = 0; path = libAccountSettingsAdapter.a; sourceTree = BUILT_PRODUCTS_DIR; };
		B7E050301EB2491E006EC1EC /* ASAccountSettings.h */ = {isa = PBXFileReference; lastKnownFileType = sourcecode.c.h; path = ASAccountSettings.h; sourceTree = "<group>"; };
		B7E050311EB2491E006EC1EC /* ASAccountSettings.m */ = {isa = PBXFileReference; lastKnownFileType = sourcecode.c.objc; path = ASAccountSettings.m; sourceTree = "<group>"; };
		B7E050501EB25CD7006EC1EC /* AccountSettingsServer.h */ = {isa = PBXFileReference; lastKnownFileType = sourcecode.c.h; path = AccountSettingsServer.h; sourceTree = "<group>"; };
		B7E050511EB34B84006EC1EC /* AccountSettingsProvider.h */ = {isa = PBXFileReference; lastKnownFileType = sourcecode.c.h; path = AccountSettingsProvider.h; sourceTree = "<group>"; };
/* End PBXFileReference section */

/* Begin PBXFrameworksBuildPhase section */
		B7E0502A1EB2491E006EC1EC /* Frameworks */ = {
			isa = PBXFrameworksBuildPhase;
			buildActionMask = 2147483647;
			files = (
			);
			runOnlyForDeploymentPostprocessing = 0;
		};
/* End PBXFrameworksBuildPhase section */

/* Begin PBXGroup section */
		43018BEE1EB9A02B004ABF26 /* include_internal */ = {
			isa = PBXGroup;
			children = (
				43018BEF1EB9A05A004ABF26 /* account_settings_internal.hh */,
				43018BF01EB9A05A004ABF26 /* accountSettings_test.hh */,
				43018BF11EB9A05A004ABF26 /* isp_db.hh */,
				43018BF21EB9A05A004ABF26 /* stringpool.hh */,
				43018BF31EB9A05A004ABF26 /* tinyxml2.hh */,
				43018BF41EB9A05A004ABF26 /* xml2cxx.hh */,
			);
			name = include_internal;
			sourceTree = "<group>";
		};
		B7E050241EB2491E006EC1EC = {
			isa = PBXGroup;
			children = (
				B7E0503A1EB2494B006EC1EC /* AccountSettingsLibrary */,
				B7E0502F1EB2491E006EC1EC /* AccountSettingsAdapter */,
				B7E0502E1EB2491E006EC1EC /* Products */,
			);
			sourceTree = "<group>";
		};
		B7E0502E1EB2491E006EC1EC /* Products */ = {
			isa = PBXGroup;
			children = (
				B7E0502D1EB2491E006EC1EC /* libAccountSettingsAdapter.a */,
			);
			name = Products;
			sourceTree = "<group>";
		};
		B7E0502F1EB2491E006EC1EC /* AccountSettingsAdapter */ = {
			isa = PBXGroup;
			children = (
				B7E050301EB2491E006EC1EC /* ASAccountSettings.h */,
				B7E050311EB2491E006EC1EC /* ASAccountSettings.m */,
				B7E050501EB25CD7006EC1EC /* AccountSettingsServer.h */,
				B7089D8F1EBA2F1A0041F1E5 /* AccountSettingsServer.m */,
				B781A9461EBC748700519E88 /* AccountSettingsServer+Internal.h */,
				B7E050511EB34B84006EC1EC /* AccountSettingsProvider.h */,
				B72E63F71EBB5B4C0022A9D6 /* AccountSettingsProvider.m */,
				B72E63F91EBB64210022A9D6 /* AccountSettingsProvider+Internal.h */,
			);
			path = AccountSettingsAdapter;
			sourceTree = "<group>";
		};
		B7E0503A1EB2494B006EC1EC /* AccountSettingsLibrary */ = {
			isa = PBXGroup;
			children = (
				B7E0503C1EB24973006EC1EC /* src */,
				B7E0503B1EB24968006EC1EC /* Include */,
				43018BEE1EB9A02B004ABF26 /* include_internal */,
			);
			name = AccountSettingsLibrary;
			sourceTree = "<group>";
		};
		B7E0503B1EB24968006EC1EC /* Include */ = {
			isa = PBXGroup;
			children = (
				43018BED1EB99FFE004ABF26 /* account_settings.h */,
			);
			name = Include;
			sourceTree = "<group>";
		};
		B7E0503C1EB24973006EC1EC /* src */ = {
			isa = PBXGroup;
			children = (
				43018BDF1EB99FF1004ABF26 /* account_settings_internal.cc */,
				43018BE01EB99FF1004ABF26 /* accountSettings_test.cc */,
				43018BE11EB99FF1004ABF26 /* implementation.cc */,
				43018BE21EB99FF1004ABF26 /* isp_db.cc */,
				43018BE31EB99FF1004ABF26 /* stringpool.cc */,
				43018BE41EB99FF1004ABF26 /* tinyxml2.cc */,
				43018BE51EB99FF1004ABF26 /* xml2cxx.cc */,
			);
			name = src;
			sourceTree = "<group>";
		};
/* End PBXGroup section */

/* Begin PBXNativeTarget section */
		B7E0502C1EB2491E006EC1EC /* AccountSettingsAdapter */ = {
			isa = PBXNativeTarget;
			buildConfigurationList = B7E050361EB2491E006EC1EC /* Build configuration list for PBXNativeTarget "AccountSettingsAdapter" */;
			buildPhases = (
				B7E050291EB2491E006EC1EC /* Sources */,
				B7E0502A1EB2491E006EC1EC /* Frameworks */,
				B7E0502B1EB2491E006EC1EC /* CopyFiles */,
			);
			buildRules = (
			);
			dependencies = (
			);
			name = AccountSettingsAdapter;
			productName = AccountSettingsAdapter;
			productReference = B7E0502D1EB2491E006EC1EC /* libAccountSettingsAdapter.a */;
			productType = "com.apple.product-type.library.static";
		};
/* End PBXNativeTarget section */

/* Begin PBXProject section */
		B7E050251EB2491E006EC1EC /* Project object */ = {
			isa = PBXProject;
			attributes = {
				LastUpgradeCheck = 0830;
				ORGANIZATIONNAME = "pEp Security";
				TargetAttributes = {
					B7E0502C1EB2491E006EC1EC = {
						CreatedOnToolsVersion = 8.3.2;
						DevelopmentTeam = SBPJ2E4G5X;
						ProvisioningStyle = Automatic;
					};
				};
			};
			buildConfigurationList = B7E050281EB2491E006EC1EC /* Build configuration list for PBXProject "AccountSettingsAdapter" */;
			compatibilityVersion = "Xcode 3.2";
			developmentRegion = English;
			hasScannedForEncodings = 0;
			knownRegions = (
				en,
			);
			mainGroup = B7E050241EB2491E006EC1EC;
			productRefGroup = B7E0502E1EB2491E006EC1EC /* Products */;
			projectDirPath = "";
			projectRoot = "";
			targets = (
				B7E0502C1EB2491E006EC1EC /* AccountSettingsAdapter */,
			);
		};
/* End PBXProject section */

/* Begin PBXSourcesBuildPhase section */
		B7E050291EB2491E006EC1EC /* Sources */ = {
			isa = PBXSourcesBuildPhase;
			buildActionMask = 2147483647;
			files = (
				B7E050321EB2491E006EC1EC /* ASAccountSettings.m in Sources */,
				B72E63F81EBB5B4C0022A9D6 /* AccountSettingsProvider.m in Sources */,
				B7089D901EBA2F1A0041F1E5 /* AccountSettingsServer.m in Sources */,
				43018BE61EB99FF1004ABF26 /* account_settings_internal.cc in Sources */,
				43018BEA1EB99FF1004ABF26 /* stringpool.cc in Sources */,
				43018BE71EB99FF1004ABF26 /* accountSettings_test.cc in Sources */,
				43018BEC1EB99FF1004ABF26 /* xml2cxx.cc in Sources */,
				43018BEB1EB99FF1004ABF26 /* tinyxml2.cc in Sources */,
				43018BE81EB99FF1004ABF26 /* implementation.cc in Sources */,
				43018BE91EB99FF1004ABF26 /* isp_db.cc in Sources */,
			);
			runOnlyForDeploymentPostprocessing = 0;
		};
/* End PBXSourcesBuildPhase section */

/* Begin XCBuildConfiguration section */
		B7E050341EB2491E006EC1EC /* Debug */ = {
			isa = XCBuildConfiguration;
			buildSettings = {
				ALWAYS_SEARCH_USER_PATHS = NO;
				CLANG_ANALYZER_NONNULL = YES;
				CLANG_ANALYZER_NUMBER_OBJECT_CONVERSION = YES_AGGRESSIVE;
				CLANG_CXX_LANGUAGE_STANDARD = "gnu++0x";
				CLANG_CXX_LIBRARY = "libc++";
				CLANG_ENABLE_MODULES = YES;
				CLANG_ENABLE_OBJC_ARC = YES;
				CLANG_WARN_BOOL_CONVERSION = YES;
				CLANG_WARN_CONSTANT_CONVERSION = YES;
				CLANG_WARN_DIRECT_OBJC_ISA_USAGE = YES_ERROR;
				CLANG_WARN_DOCUMENTATION_COMMENTS = YES;
				CLANG_WARN_EMPTY_BODY = YES;
				CLANG_WARN_ENUM_CONVERSION = YES;
				CLANG_WARN_INFINITE_RECURSION = YES;
				CLANG_WARN_INT_CONVERSION = YES;
				CLANG_WARN_OBJC_ROOT_CLASS = YES_ERROR;
				CLANG_WARN_SUSPICIOUS_MOVE = YES;
				CLANG_WARN_UNREACHABLE_CODE = YES;
				CLANG_WARN__DUPLICATE_METHOD_MATCH = YES;
				"CODE_SIGN_IDENTITY[sdk=iphoneos*]" = "iPhone Developer";
				COPY_PHASE_STRIP = NO;
				DEBUG_INFORMATION_FORMAT = dwarf;
				ENABLE_STRICT_OBJC_MSGSEND = YES;
				ENABLE_TESTABILITY = YES;
				GCC_C_LANGUAGE_STANDARD = gnu99;
				GCC_DYNAMIC_NO_PIC = NO;
				GCC_NO_COMMON_BLOCKS = YES;
				GCC_OPTIMIZATION_LEVEL = 0;
				GCC_PREPROCESSOR_DEFINITIONS = (
					"DEBUG=1",
					"$(inherited)",
				);
				GCC_WARN_64_TO_32_BIT_CONVERSION = YES;
				GCC_WARN_ABOUT_RETURN_TYPE = YES_ERROR;
				GCC_WARN_UNDECLARED_SELECTOR = YES;
				GCC_WARN_UNINITIALIZED_AUTOS = YES_AGGRESSIVE;
				GCC_WARN_UNUSED_FUNCTION = YES;
				GCC_WARN_UNUSED_VARIABLE = YES;
				IPHONEOS_DEPLOYMENT_TARGET = 10.3;
				MTL_ENABLE_DEBUG_INFO = YES;
				ONLY_ACTIVE_ARCH = YES;
				SDKROOT = iphoneos;
			};
			name = Debug;
		};
		B7E050351EB2491E006EC1EC /* Release */ = {
			isa = XCBuildConfiguration;
			buildSettings = {
				ALWAYS_SEARCH_USER_PATHS = NO;
				CLANG_ANALYZER_NONNULL = YES;
				CLANG_ANALYZER_NUMBER_OBJECT_CONVERSION = YES_AGGRESSIVE;
				CLANG_CXX_LANGUAGE_STANDARD = "gnu++0x";
				CLANG_CXX_LIBRARY = "libc++";
				CLANG_ENABLE_MODULES = YES;
				CLANG_ENABLE_OBJC_ARC = YES;
				CLANG_WARN_BOOL_CONVERSION = YES;
				CLANG_WARN_CONSTANT_CONVERSION = YES;
				CLANG_WARN_DIRECT_OBJC_ISA_USAGE = YES_ERROR;
				CLANG_WARN_DOCUMENTATION_COMMENTS = YES;
				CLANG_WARN_EMPTY_BODY = YES;
				CLANG_WARN_ENUM_CONVERSION = YES;
				CLANG_WARN_INFINITE_RECURSION = YES;
				CLANG_WARN_INT_CONVERSION = YES;
				CLANG_WARN_OBJC_ROOT_CLASS = YES_ERROR;
				CLANG_WARN_SUSPICIOUS_MOVE = YES;
				CLANG_WARN_UNREACHABLE_CODE = YES;
				CLANG_WARN__DUPLICATE_METHOD_MATCH = YES;
				"CODE_SIGN_IDENTITY[sdk=iphoneos*]" = "iPhone Developer";
				COPY_PHASE_STRIP = NO;
				DEBUG_INFORMATION_FORMAT = "dwarf-with-dsym";
				ENABLE_NS_ASSERTIONS = NO;
				ENABLE_STRICT_OBJC_MSGSEND = YES;
				GCC_C_LANGUAGE_STANDARD = gnu99;
				GCC_NO_COMMON_BLOCKS = YES;
				GCC_WARN_64_TO_32_BIT_CONVERSION = YES;
				GCC_WARN_ABOUT_RETURN_TYPE = YES_ERROR;
				GCC_WARN_UNDECLARED_SELECTOR = YES;
				GCC_WARN_UNINITIALIZED_AUTOS = YES_AGGRESSIVE;
				GCC_WARN_UNUSED_FUNCTION = YES;
				GCC_WARN_UNUSED_VARIABLE = YES;
				IPHONEOS_DEPLOYMENT_TARGET = 10.3;
				MTL_ENABLE_DEBUG_INFO = NO;
				SDKROOT = iphoneos;
				VALIDATE_PRODUCT = YES;
			};
			name = Release;
		};
		B7E050371EB2491E006EC1EC /* Debug */ = {
			isa = XCBuildConfiguration;
			buildSettings = {
				DEVELOPMENT_TEAM = SBPJ2E4G5X;
				OTHER_LDFLAGS = "-ObjC";
				PRODUCT_NAME = "$(TARGET_NAME)";
				SKIP_INSTALL = YES;
			};
			name = Debug;
		};
		B7E050381EB2491E006EC1EC /* Release */ = {
			isa = XCBuildConfiguration;
			buildSettings = {
				DEVELOPMENT_TEAM = SBPJ2E4G5X;
				OTHER_LDFLAGS = "-ObjC";
				PRODUCT_NAME = "$(TARGET_NAME)";
				SKIP_INSTALL = YES;
			};
			name = Release;
		};
/* End XCBuildConfiguration section */

/* Begin XCConfigurationList section */
		B7E050281EB2491E006EC1EC /* Build configuration list for PBXProject "AccountSettingsAdapter" */ = {
			isa = XCConfigurationList;
			buildConfigurations = (
				B7E050341EB2491E006EC1EC /* Debug */,
				B7E050351EB2491E006EC1EC /* Release */,
			);
			defaultConfigurationIsVisible = 0;
			defaultConfigurationName = Release;
		};
		B7E050361EB2491E006EC1EC /* Build configuration list for PBXNativeTarget "AccountSettingsAdapter" */ = {
			isa = XCConfigurationList;
			buildConfigurations = (
				B7E050371EB2491E006EC1EC /* Debug */,
				B7E050381EB2491E006EC1EC /* Release */,
			);
			defaultConfigurationIsVisible = 0;
			defaultConfigurationName = Release;
		};
/* End XCConfigurationList section */
	};
	rootObject = B7E050251EB2491E006EC1EC /* Project object */;
}
