// !$*UTF8*$!
{
	archiveVersion = 1;
	classes = {
	};
	objectVersion = 46;
	objects = {

/* Begin PBXBuildFile section */
		43018BE61EB99FF1004ABF26 /* account_settings_internal.cc in Sources */ = {isa = PBXBuildFile; fileRef = 43018BDF1EB99FF1004ABF26 /* account_settings_internal.cc */; };
		43018BE71EB99FF1004ABF26 /* accountSettings_test.cc in Sources */ = {isa = PBXBuildFile; fileRef = 43018BE01EB99FF1004ABF26 /* accountSettings_test.cc */; };
		43018BE81EB99FF1004ABF26 /* implementation.cc in Sources */ = {isa = PBXBuildFile; fileRef = 43018BE11EB99FF1004ABF26 /* implementation.cc */; };
		43018BE91EB99FF1004ABF26 /* isp_db.cc in Sources */ = {isa = PBXBuildFile; fileRef = 43018BE21EB99FF1004ABF26 /* isp_db.cc */; };
		43018BEA1EB99FF1004ABF26 /* stringpool.cc in Sources */ = {isa = PBXBuildFile; fileRef = 43018BE31EB99FF1004ABF26 /* stringpool.cc */; };
		43018BEB1EB99FF1004ABF26 /* tinyxml2.cc in Sources */ = {isa = PBXBuildFile; fileRef = 43018BE41EB99FF1004ABF26 /* tinyxml2.cc */; };
		43018BEC1EB99FF1004ABF26 /* xml2cxx.cc in Sources */ = {isa = PBXBuildFile; fileRef = 43018BE51EB99FF1004ABF26 /* xml2cxx.cc */; };
		4344E4371FCC4EA700EEEA90 /* from_srv.cc in Sources */ = {isa = PBXBuildFile; fileRef = 4344E4361FCC4EA700EEEA90 /* from_srv.cc */; };
		B7089D901EBA2F1A0041F1E5 /* AccountSettingsServer.m in Sources */ = {isa = PBXBuildFile; fileRef = B7089D8F1EBA2F1A0041F1E5 /* AccountSettingsServer.m */; };
		B72A64DB1EC0525500F71131 /* AccountSettingsAdapterTests.m in Sources */ = {isa = PBXBuildFile; fileRef = B72A64DA1EC0525500F71131 /* AccountSettingsAdapterTests.m */; };
		B72A64DD1EC0525500F71131 /* libAccountSettingsAdapter.a in Frameworks */ = {isa = PBXBuildFile; fileRef = B7E0502D1EB2491E006EC1EC /* libAccountSettingsAdapter.a */; };
		B72A64E61EC0802B00F71131 /* libc++.1.dylib in Frameworks */ = {isa = PBXBuildFile; fileRef = B72A64E41EC0800F00F71131 /* libc++.1.dylib */; };
		B7E050321EB2491E006EC1EC /* ASAccountSettings.m in Sources */ = {isa = PBXBuildFile; fileRef = B7E050311EB2491E006EC1EC /* ASAccountSettings.m */; };
		B7E050331EB2491E006EC1EC /* ASAccountSettings.h in CopyFiles */ = {isa = PBXBuildFile; fileRef = B7E050301EB2491E006EC1EC /* ASAccountSettings.h */; };
/* End PBXBuildFile section */

/* Begin PBXContainerItemProxy section */
		B72A64DE1EC0525500F71131 /* PBXContainerItemProxy */ = {
			isa = PBXContainerItemProxy;
			containerPortal = B7E050251EB2491E006EC1EC /* Project object */;
			proxyType = 1;
			remoteGlobalIDString = B7E0502C1EB2491E006EC1EC;
			remoteInfo = AccountSettingsAdapter;
		};
/* End PBXContainerItemProxy section */

/* Begin PBXCopyFilesBuildPhase section */
		B7E0502B1EB2491E006EC1EC /* CopyFiles */ = {
			isa = PBXCopyFilesBuildPhase;
			buildActionMask = 2147483647;
			dstPath = "include/$(PRODUCT_NAME)";
			dstSubfolderSpec = 16;
			files = (
				B7E050331EB2491E006EC1EC /* ASAccountSettings.h in CopyFiles */,
			);
			runOnlyForDeploymentPostprocessing = 0;
		};
/* End PBXCopyFilesBuildPhase section */

/* Begin PBXFileReference section */
		43018BDF1EB99FF1004ABF26 /* account_settings_internal.cc */ = {isa = PBXFileReference; fileEncoding = 4; lastKnownFileType = sourcecode.cpp.cpp; name = account_settings_internal.cc; path = ../../src/account_settings_internal.cc; sourceTree = "<group>"; };
		43018BE01EB99FF1004ABF26 /* accountSettings_test.cc */ = {isa = PBXFileReference; fileEncoding = 4; lastKnownFileType = sourcecode.cpp.cpp; name = accountSettings_test.cc; path = ../../src/accountSettings_test.cc; sourceTree = "<group>"; };
		43018BE11EB99FF1004ABF26 /* implementation.cc */ = {isa = PBXFileReference; fileEncoding = 4; lastKnownFileType = sourcecode.cpp.cpp; name = implementation.cc; path = ../../src/implementation.cc; sourceTree = "<group>"; };
		43018BE21EB99FF1004ABF26 /* isp_db.cc */ = {isa = PBXFileReference; fileEncoding = 4; lastKnownFileType = sourcecode.cpp.cpp; name = isp_db.cc; path = ../../src/isp_db.cc; sourceTree = "<group>"; };
		43018BE31EB99FF1004ABF26 /* stringpool.cc */ = {isa = PBXFileReference; fileEncoding = 4; lastKnownFileType = sourcecode.cpp.cpp; name = stringpool.cc; path = ../../src/stringpool.cc; sourceTree = "<group>"; };
		43018BE41EB99FF1004ABF26 /* tinyxml2.cc */ = {isa = PBXFileReference; fileEncoding = 4; lastKnownFileType = sourcecode.cpp.cpp; name = tinyxml2.cc; path = ../../src/tinyxml2.cc; sourceTree = "<group>"; };
		43018BE51EB99FF1004ABF26 /* xml2cxx.cc */ = {isa = PBXFileReference; fileEncoding = 4; lastKnownFileType = sourcecode.cpp.cpp; name = xml2cxx.cc; path = ../../src/xml2cxx.cc; sourceTree = "<group>"; };
		43018BEF1EB9A05A004ABF26 /* account_settings_internal.hh */ = {isa = PBXFileReference; fileEncoding = 4; lastKnownFileType = sourcecode.cpp.h; name = account_settings_internal.hh; path = ../../src/account_settings_internal.hh; sourceTree = "<group>"; };
		43018BF01EB9A05A004ABF26 /* accountSettings_test.hh */ = {isa = PBXFileReference; fileEncoding = 4; lastKnownFileType = sourcecode.cpp.h; name = accountSettings_test.hh; path = ../../src/accountSettings_test.hh; sourceTree = "<group>"; };
		43018BF11EB9A05A004ABF26 /* isp_db.hh */ = {isa = PBXFileReference; fileEncoding = 4; lastKnownFileType = sourcecode.cpp.h; name = isp_db.hh; path = ../../src/isp_db.hh; sourceTree = "<group>"; };
		43018BF21EB9A05A004ABF26 /* stringpool.hh */ = {isa = PBXFileReference; fileEncoding = 4; lastKnownFileType = sourcecode.cpp.h; name = stringpool.hh; path = ../../src/stringpool.hh; sourceTree = "<group>"; };
		43018BF31EB9A05A004ABF26 /* tinyxml2.hh */ = {isa = PBXFileReference; fileEncoding = 4; lastKnownFileType = sourcecode.cpp.h; name = tinyxml2.hh; path = ../../src/tinyxml2.hh; sourceTree = "<group>"; };
		43018BF41EB9A05A004ABF26 /* xml2cxx.hh */ = {isa = PBXFileReference; fileEncoding = 4; lastKnownFileType = sourcecode.cpp.h; name = xml2cxx.hh; path = ../../src/xml2cxx.hh; sourceTree = "<group>"; };
		431C06531ECDF350003C2B29 /* ASProtocols.h */ = {isa = PBXFileReference; lastKnownFileType = sourcecode.c.h; path = ASProtocols.h; sourceTree = "<group>"; };
		4344E4361FCC4EA700EEEA90 /* from_srv.cc */ = {isa = PBXFileReference; fileEncoding = 4; lastKnownFileType = sourcecode.cpp.cpp; name = from_srv.cc; path = ../../src/from_srv.cc; sourceTree = "<group>"; };
		43B1F9241EC05AD3002794B9 /* libstdc++.tbd */ = {isa = PBXFileReference; lastKnownFileType = "sourcecode.text-based-dylib-definition"; name = "libstdc++.tbd"; path = "usr/lib/libstdc++.tbd"; sourceTree = SDKROOT; };
		B7089D8F1EBA2F1A0041F1E5 /* AccountSettingsServer.m */ = {isa = PBXFileReference; fileEncoding = 4; lastKnownFileType = sourcecode.c.objc; path = AccountSettingsServer.m; sourceTree = "<group>"; };
		B72A64D81EC0525500F71131 /* AccountSettingsAdapterTests.xctest */ = {isa = PBXFileReference; explicitFileType = wrapper.cfbundle; includeInIndex = 0; path = AccountSettingsAdapterTests.xctest; sourceTree = BUILT_PRODUCTS_DIR; };
		B72A64DA1EC0525500F71131 /* AccountSettingsAdapterTests.m */ = {isa = PBXFileReference; lastKnownFileType = sourcecode.c.objc; path = AccountSettingsAdapterTests.m; sourceTree = "<group>"; };
		B72A64DC1EC0525500F71131 /* Info.plist */ = {isa = PBXFileReference; lastKnownFileType = text.plist.xml; path = Info.plist; sourceTree = "<group>"; };
		B72A64E41EC0800F00F71131 /* libc++.1.dylib */ = {isa = PBXFileReference; lastKnownFileType = "compiled.mach-o.dylib"; name = "libc++.1.dylib"; path = "../../../../../../usr/lib/libc++.1.dylib"; sourceTree = "<group>"; };
		B7582BA41ED5884F003E4184 /* account_settings_c.h */ = {isa = PBXFileReference; fileEncoding = 4; lastKnownFileType = sourcecode.c.h; name = account_settings_c.h; path = ../../include/account_settings_c.h; sourceTree = "<group>"; };
		B7582BA51ED5884F003E4184 /* account_settings_common.h */ = {isa = PBXFileReference; fileEncoding = 4; lastKnownFileType = sourcecode.c.h; name = account_settings_common.h; path = ../../include/account_settings_common.h; sourceTree = "<group>"; };
		B781A9461EBC748700519E88 /* AccountSettingsServer+Internal.h */ = {isa = PBXFileReference; lastKnownFileType = sourcecode.c.h; path = "AccountSettingsServer+Internal.h"; sourceTree = "<group>"; };
		B7E0502D1EB2491E006EC1EC /* libAccountSettingsAdapter.a */ = {isa = PBXFileReference; explicitFileType = archive.ar; includeInIndex = 0; path = libAccountSettingsAdapter.a; sourceTree = BUILT_PRODUCTS_DIR; };
		B7E050301EB2491E006EC1EC /* ASAccountSettings.h */ = {isa = PBXFileReference; lastKnownFileType = sourcecode.c.h; path = ASAccountSettings.h; sourceTree = "<group>"; };
		B7E050311EB2491E006EC1EC /* ASAccountSettings.m */ = {isa = PBXFileReference; lastKnownFileType = sourcecode.c.objc; path = ASAccountSettings.m; sourceTree = "<group>"; };
		B7E050501EB25CD7006EC1EC /* AccountSettingsServer.h */ = {isa = PBXFileReference; lastKnownFileType = sourcecode.c.h; path = AccountSettingsServer.h; sourceTree = "<group>"; };
/* End PBXFileReference section */

/* Begin PBXFrameworksBuildPhase section */
		B72A64D51EC0525500F71131 /* Frameworks */ = {
			isa = PBXFrameworksBuildPhase;
			buildActionMask = 2147483647;
			files = (
				B72A64E61EC0802B00F71131 /* libc++.1.dylib in Frameworks */,
				B72A64DD1EC0525500F71131 /* libAccountSettingsAdapter.a in Frameworks */,
			);
			runOnlyForDeploymentPostprocessing = 0;
		};
		B7E0502A1EB2491E006EC1EC /* Frameworks */ = {
			isa = PBXFrameworksBuildPhase;
			buildActionMask = 2147483647;
			files = (
			);
			runOnlyForDeploymentPostprocessing = 0;
		};
/* End PBXFrameworksBuildPhase section */

/* Begin PBXGroup section */
		43018BEE1EB9A02B004ABF26 /* include_internal */ = {
			isa = PBXGroup;
			children = (
				43018BEF1EB9A05A004ABF26 /* account_settings_internal.hh */,
				43018BF01EB9A05A004ABF26 /* accountSettings_test.hh */,
				43018BF11EB9A05A004ABF26 /* isp_db.hh */,
				43018BF21EB9A05A004ABF26 /* stringpool.hh */,
				43018BF31EB9A05A004ABF26 /* tinyxml2.hh */,
				43018BF41EB9A05A004ABF26 /* xml2cxx.hh */,
			);
			name = include_internal;
			sourceTree = "<group>";
		};
		43B1F9231EC05AD3002794B9 /* Frameworks */ = {
			isa = PBXGroup;
			children = (
				B72A64E41EC0800F00F71131 /* libc++.1.dylib */,
				43B1F9241EC05AD3002794B9 /* libstdc++.tbd */,
			);
			name = Frameworks;
			sourceTree = "<group>";
		};
		B72A64D91EC0525500F71131 /* AccountSettingsAdapterTests */ = {
			isa = PBXGroup;
			children = (
				B72A64DA1EC0525500F71131 /* AccountSettingsAdapterTests.m */,
				B72A64DC1EC0525500F71131 /* Info.plist */,
			);
			path = AccountSettingsAdapterTests;
			sourceTree = "<group>";
		};
		B7E050241EB2491E006EC1EC = {
			isa = PBXGroup;
			children = (
				B7E0503A1EB2494B006EC1EC /* AccountSettingsLibrary */,
				B7E0502F1EB2491E006EC1EC /* AccountSettingsAdapter */,
				B72A64D91EC0525500F71131 /* AccountSettingsAdapterTests */,
				B7E0502E1EB2491E006EC1EC /* Products */,
				43B1F9231EC05AD3002794B9 /* Frameworks */,
			);
			sourceTree = "<group>";
		};
		B7E0502E1EB2491E006EC1EC /* Products */ = {
			isa = PBXGroup;
			children = (
				B7E0502D1EB2491E006EC1EC /* libAccountSettingsAdapter.a */,
				B72A64D81EC0525500F71131 /* AccountSettingsAdapterTests.xctest */,
			);
			name = Products;
			sourceTree = "<group>";
		};
		B7E0502F1EB2491E006EC1EC /* AccountSettingsAdapter */ = {
			isa = PBXGroup;
			children = (
				431C06531ECDF350003C2B29 /* ASProtocols.h */,
				B7E050301EB2491E006EC1EC /* ASAccountSettings.h */,
				B7E050311EB2491E006EC1EC /* ASAccountSettings.m */,
				B7E050501EB25CD7006EC1EC /* AccountSettingsServer.h */,
				B781A9461EBC748700519E88 /* AccountSettingsServer+Internal.h */,
				B7089D8F1EBA2F1A0041F1E5 /* AccountSettingsServer.m */,
			);
			path = AccountSettingsAdapter;
			sourceTree = "<group>";
		};
		B7E0503A1EB2494B006EC1EC /* AccountSettingsLibrary */ = {
			isa = PBXGroup;
			children = (
				B7E0503C1EB24973006EC1EC /* src */,
				B7E0503B1EB24968006EC1EC /* Include */,
				43018BEE1EB9A02B004ABF26 /* include_internal */,
			);
			name = AccountSettingsLibrary;
			sourceTree = "<group>";
		};
		B7E0503B1EB24968006EC1EC /* Include */ = {
			isa = PBXGroup;
			children = (
				B7582BA41ED5884F003E4184 /* account_settings_c.h */,
				B7582BA51ED5884F003E4184 /* account_settings_common.h */,
			);
			name = Include;
			sourceTree = "<group>";
		};
		B7E0503C1EB24973006EC1EC /* src */ = {
			isa = PBXGroup;
			children = (
				4344E4361FCC4EA700EEEA90 /* from_srv.cc */,
				43018BDF1EB99FF1004ABF26 /* account_settings_internal.cc */,
				43018BE01EB99FF1004ABF26 /* accountSettings_test.cc */,
				43018BE11EB99FF1004ABF26 /* implementation.cc */,
				43018BE21EB99FF1004ABF26 /* isp_db.cc */,
				43018BE31EB99FF1004ABF26 /* stringpool.cc */,
				43018BE41EB99FF1004ABF26 /* tinyxml2.cc */,
				43018BE51EB99FF1004ABF26 /* xml2cxx.cc */,
			);
			name = src;
			sourceTree = "<group>";
		};
/* End PBXGroup section */

/* Begin PBXNativeTarget section */
		B72A64D71EC0525500F71131 /* AccountSettingsAdapterTests */ = {
			isa = PBXNativeTarget;
			buildConfigurationList = B72A64E21EC0525500F71131 /* Build configuration list for PBXNativeTarget "AccountSettingsAdapterTests" */;
			buildPhases = (
				B72A64D41EC0525500F71131 /* Sources */,
				B72A64D51EC0525500F71131 /* Frameworks */,
				B72A64D61EC0525500F71131 /* Resources */,
				150D6CA41F27539E00EB95CC /* Warnings for TODO++ Script */,
			);
			buildRules = (
			);
			dependencies = (
				B72A64DF1EC0525500F71131 /* PBXTargetDependency */,
			);
			name = AccountSettingsAdapterTests;
			productName = AccountSettingsAdapterTests;
			productReference = B72A64D81EC0525500F71131 /* AccountSettingsAdapterTests.xctest */;
			productType = "com.apple.product-type.bundle.unit-test";
		};
		B7E0502C1EB2491E006EC1EC /* AccountSettingsAdapter */ = {
			isa = PBXNativeTarget;
			buildConfigurationList = B7E050361EB2491E006EC1EC /* Build configuration list for PBXNativeTarget "AccountSettingsAdapter" */;
			buildPhases = (
				151573B91F2093D60049BB0B /* Build Time Start Script */,
				B7E050291EB2491E006EC1EC /* Sources */,
				B7E0502A1EB2491E006EC1EC /* Frameworks */,
				B7E0502B1EB2491E006EC1EC /* CopyFiles */,
				151573BA1F20940D0049BB0B /* Build Time Stop Script */,
				150D6CA31F27538300EB95CC /* Warnings for TODO++ Script */,
			);
			buildRules = (
			);
			dependencies = (
			);
			name = AccountSettingsAdapter;
			productName = AccountSettingsAdapter;
			productReference = B7E0502D1EB2491E006EC1EC /* libAccountSettingsAdapter.a */;
			productType = "com.apple.product-type.library.static";
		};
/* End PBXNativeTarget section */

/* Begin PBXProject section */
		B7E050251EB2491E006EC1EC /* Project object */ = {
			isa = PBXProject;
			attributes = {
				LastUpgradeCheck = 0830;
				ORGANIZATIONNAME = "pEp Security";
				TargetAttributes = {
					B72A64D71EC0525500F71131 = {
						CreatedOnToolsVersion = 8.3.2;
						DevelopmentTeam = SBPJ2E4G5X;
						ProvisioningStyle = Automatic;
					};
					B7E0502C1EB2491E006EC1EC = {
						CreatedOnToolsVersion = 8.3.2;
						DevelopmentTeam = SBPJ2E4G5X;
						ProvisioningStyle = Automatic;
					};
				};
			};
			buildConfigurationList = B7E050281EB2491E006EC1EC /* Build configuration list for PBXProject "AccountSettingsAdapter" */;
			compatibilityVersion = "Xcode 3.2";
			developmentRegion = English;
			hasScannedForEncodings = 0;
			knownRegions = (
				en,
			);
			mainGroup = B7E050241EB2491E006EC1EC;
			productRefGroup = B7E0502E1EB2491E006EC1EC /* Products */;
			projectDirPath = "";
			projectRoot = "";
			targets = (
				B7E0502C1EB2491E006EC1EC /* AccountSettingsAdapter */,
				B72A64D71EC0525500F71131 /* AccountSettingsAdapterTests */,
			);
		};
/* End PBXProject section */

/* Begin PBXResourcesBuildPhase section */
		B72A64D61EC0525500F71131 /* Resources */ = {
			isa = PBXResourcesBuildPhase;
			buildActionMask = 2147483647;
			files = (
			);
			runOnlyForDeploymentPostprocessing = 0;
		};
/* End PBXResourcesBuildPhase section */

/* Begin PBXShellScriptBuildPhase section */
		150D6CA31F27538300EB95CC /* Warnings for TODO++ Script */ = {
			isa = PBXShellScriptBuildPhase;
			buildActionMask = 2147483647;
			files = (
			);
			inputPaths = (
			);
			name = "Warnings for TODO++ Script";
			outputPaths = (
			);
			runOnlyForDeploymentPostprocessing = 0;
			shellPath = /bin/sh;
			shellScript = "#mark annotations defined below as warnings\nKEYWORDS=\"TODO|FIXME|BUFF|\\?\\?\\?:|\\!\\!\\!:\"\nfind \"${SRCROOT}\" \\( -name \"*.h\" -or -name \"*.m\" -or -name \"*.swift\" \\) -print0 | \\\nxargs -0 egrep --with-filename --line-number --only-matching \"($KEYWORDS).*\\$\" | \\\nperl -p -e \"s/($KEYWORDS)/ warning: \\$1/\"";
		};
		150D6CA41F27539E00EB95CC /* Warnings for TODO++ Script */ = {
			isa = PBXShellScriptBuildPhase;
			buildActionMask = 2147483647;
			files = (
			);
			inputPaths = (
			);
			name = "Warnings for TODO++ Script";
			outputPaths = (
			);
			runOnlyForDeploymentPostprocessing = 0;
			shellPath = /bin/sh;
			shellScript = "#mark annotations defined below as warnings\nKEYWORDS=\"TODO|FIXME|BUFF|\\?\\?\\?:|\\!\\!\\!:\"\nfind \"${SRCROOT}\" \\( -name \"*.h\" -or -name \"*.m\" -or -name \"*.swift\" \\) -print0 | \\\nxargs -0 egrep --with-filename --line-number --only-matching \"($KEYWORDS).*\\$\" | \\\nperl -p -e \"s/($KEYWORDS)/ warning: \\$1/\"";
		};
		151573B91F2093D60049BB0B /* Build Time Start Script */ = {
			isa = PBXShellScriptBuildPhase;
			buildActionMask = 2147483647;
			files = (
			);
			inputPaths = (
			);
			name = "Build Time Start Script";
			outputPaths = (
			);
			runOnlyForDeploymentPostprocessing = 0;
			shellPath = /bin/sh;
			shellScript = "echo \"BUILD_TIME START AccountSettingsAdapter: \"`date \"+%Y_%m_%d--%H:%M:%S\"`";
		};
		151573BA1F20940D0049BB0B /* Build Time Stop Script */ = {
			isa = PBXShellScriptBuildPhase;
			buildActionMask = 2147483647;
			files = (
			);
			inputPaths = (
			);
			name = "Build Time Stop Script";
			outputPaths = (
			);
			runOnlyForDeploymentPostprocessing = 0;
			shellPath = /bin/sh;
			shellScript = "echo \"BUILD_TIME STOP AccountSettingsAdapter: \"`date \"+%Y_%m_%d--%H:%M:%S\"`";
		};
/* End PBXShellScriptBuildPhase section */

/* Begin PBXSourcesBuildPhase section */
		B72A64D41EC0525500F71131 /* Sources */ = {
			isa = PBXSourcesBuildPhase;
			buildActionMask = 2147483647;
			files = (
				B72A64DB1EC0525500F71131 /* AccountSettingsAdapterTests.m in Sources */,
			);
			runOnlyForDeploymentPostprocessing = 0;
		};
		B7E050291EB2491E006EC1EC /* Sources */ = {
			isa = PBXSourcesBuildPhase;
			buildActionMask = 2147483647;
			files = (
				B7E050321EB2491E006EC1EC /* ASAccountSettings.m in Sources */,
				B7089D901EBA2F1A0041F1E5 /* AccountSettingsServer.m in Sources */,
				43018BE61EB99FF1004ABF26 /* account_settings_internal.cc in Sources */,
				43018BEA1EB99FF1004ABF26 /* stringpool.cc in Sources */,
				43018BE71EB99FF1004ABF26 /* accountSettings_test.cc in Sources */,
				4344E4371FCC4EA700EEEA90 /* from_srv.cc in Sources */,
				43018BEC1EB99FF1004ABF26 /* xml2cxx.cc in Sources */,
				43018BEB1EB99FF1004ABF26 /* tinyxml2.cc in Sources */,
				43018BE81EB99FF1004ABF26 /* implementation.cc in Sources */,
				43018BE91EB99FF1004ABF26 /* isp_db.cc in Sources */,
			);
			runOnlyForDeploymentPostprocessing = 0;
		};
/* End PBXSourcesBuildPhase section */

/* Begin PBXTargetDependency section */
		B72A64DF1EC0525500F71131 /* PBXTargetDependency */ = {
			isa = PBXTargetDependency;
			target = B7E0502C1EB2491E006EC1EC /* AccountSettingsAdapter */;
			targetProxy = B72A64DE1EC0525500F71131 /* PBXContainerItemProxy */;
		};
/* End PBXTargetDependency section */

/* Begin XCBuildConfiguration section */
		B72A64E01EC0525500F71131 /* Debug */ = {
			isa = XCBuildConfiguration;
			buildSettings = {
				DEVELOPMENT_TEAM = SBPJ2E4G5X;
				INFOPLIST_FILE = AccountSettingsAdapterTests/Info.plist;
				LD_RUNPATH_SEARCH_PATHS = "$(inherited) @executable_path/Frameworks @loader_path/Frameworks";
				PRODUCT_BUNDLE_IDENTIFIER = pEp.Security.AccountSettingsAdapterTests;
				PRODUCT_NAME = "$(TARGET_NAME)";
			};
			name = Debug;
		};
		B72A64E11EC0525500F71131 /* Release */ = {
			isa = XCBuildConfiguration;
			buildSettings = {
				DEVELOPMENT_TEAM = SBPJ2E4G5X;
				INFOPLIST_FILE = AccountSettingsAdapterTests/Info.plist;
				LD_RUNPATH_SEARCH_PATHS = "$(inherited) @executable_path/Frameworks @loader_path/Frameworks";
				PRODUCT_BUNDLE_IDENTIFIER = pEp.Security.AccountSettingsAdapterTests;
				PRODUCT_NAME = "$(TARGET_NAME)";
			};
			name = Release;
		};
		B7E050341EB2491E006EC1EC /* Debug */ = {
			isa = XCBuildConfiguration;
			buildSettings = {
				ALWAYS_SEARCH_USER_PATHS = NO;
				CLANG_ANALYZER_NONNULL = YES;
				CLANG_ANALYZER_NUMBER_OBJECT_CONVERSION = YES_AGGRESSIVE;
				CLANG_CXX_LANGUAGE_STANDARD = "c++14";
				CLANG_CXX_LIBRARY = "compiler-default";
				CLANG_ENABLE_MODULES = YES;
				CLANG_ENABLE_OBJC_ARC = YES;
				CLANG_WARN_BOOL_CONVERSION = YES;
				CLANG_WARN_CONSTANT_CONVERSION = YES;
				CLANG_WARN_DIRECT_OBJC_ISA_USAGE = YES_ERROR;
				CLANG_WARN_DOCUMENTATION_COMMENTS = YES;
				CLANG_WARN_EMPTY_BODY = YES;
				CLANG_WARN_ENUM_CONVERSION = YES;
				CLANG_WARN_INFINITE_RECURSION = YES;
				CLANG_WARN_INT_CONVERSION = YES;
				CLANG_WARN_OBJC_ROOT_CLASS = YES_ERROR;
				CLANG_WARN_SUSPICIOUS_MOVE = YES;
				CLANG_WARN_UNREACHABLE_CODE = YES;
				CLANG_WARN__DUPLICATE_METHOD_MATCH = YES;
				"CODE_SIGN_IDENTITY[sdk=iphoneos*]" = "iPhone Developer";
				COPY_PHASE_STRIP = NO;
				DEBUG_INFORMATION_FORMAT = dwarf;
				ENABLE_STRICT_OBJC_MSGSEND = YES;
				ENABLE_TESTABILITY = YES;
				GCC_C_LANGUAGE_STANDARD = gnu99;
				GCC_DYNAMIC_NO_PIC = NO;
				GCC_NO_COMMON_BLOCKS = YES;
				GCC_OPTIMIZATION_LEVEL = 0;
				GCC_PREPROCESSOR_DEFINITIONS = (
					"DEBUG=1",
					"$(inherited)",
				);
				GCC_WARN_64_TO_32_BIT_CONVERSION = YES;
				GCC_WARN_ABOUT_RETURN_TYPE = YES_ERROR;
				GCC_WARN_UNDECLARED_SELECTOR = YES;
				GCC_WARN_UNINITIALIZED_AUTOS = YES_AGGRESSIVE;
				GCC_WARN_UNUSED_FUNCTION = YES;
				GCC_WARN_UNUSED_VARIABLE = YES;
				IPHONEOS_DEPLOYMENT_TARGET = 9.0;
				MTL_ENABLE_DEBUG_INFO = YES;
				ONLY_ACTIVE_ARCH = YES;
				SDKROOT = iphoneos;
			};
			name = Debug;
		};
		B7E050351EB2491E006EC1EC /* Release */ = {
			isa = XCBuildConfiguration;
			buildSettings = {
				ALWAYS_SEARCH_USER_PATHS = NO;
				CLANG_ANALYZER_NONNULL = YES;
				CLANG_ANALYZER_NUMBER_OBJECT_CONVERSION = YES_AGGRESSIVE;
				CLANG_CXX_LANGUAGE_STANDARD = "c++14";
				CLANG_CXX_LIBRARY = "compiler-default";
				CLANG_ENABLE_MODULES = YES;
				CLANG_ENABLE_OBJC_ARC = YES;
				CLANG_WARN_BOOL_CONVERSION = YES;
				CLANG_WARN_CONSTANT_CONVERSION = YES;
				CLANG_WARN_DIRECT_OBJC_ISA_USAGE = YES_ERROR;
				CLANG_WARN_DOCUMENTATION_COMMENTS = YES;
				CLANG_WARN_EMPTY_BODY = YES;
				CLANG_WARN_ENUM_CONVERSION = YES;
				CLANG_WARN_INFINITE_RECURSION = YES;
				CLANG_WARN_INT_CONVERSION = YES;
				CLANG_WARN_OBJC_ROOT_CLASS = YES_ERROR;
				CLANG_WARN_SUSPICIOUS_MOVE = YES;
				CLANG_WARN_UNREACHABLE_CODE = YES;
				CLANG_WARN__DUPLICATE_METHOD_MATCH = YES;
				"CODE_SIGN_IDENTITY[sdk=iphoneos*]" = "iPhone Developer";
				COPY_PHASE_STRIP = NO;
				DEBUG_INFORMATION_FORMAT = "dwarf-with-dsym";
				ENABLE_NS_ASSERTIONS = NO;
				ENABLE_STRICT_OBJC_MSGSEND = YES;
				GCC_C_LANGUAGE_STANDARD = gnu99;
				GCC_NO_COMMON_BLOCKS = YES;
				GCC_WARN_64_TO_32_BIT_CONVERSION = YES;
				GCC_WARN_ABOUT_RETURN_TYPE = YES_ERROR;
				GCC_WARN_UNDECLARED_SELECTOR = YES;
				GCC_WARN_UNINITIALIZED_AUTOS = YES_AGGRESSIVE;
				GCC_WARN_UNUSED_FUNCTION = YES;
				GCC_WARN_UNUSED_VARIABLE = YES;
				IPHONEOS_DEPLOYMENT_TARGET = 9.0;
				MTL_ENABLE_DEBUG_INFO = NO;
				SDKROOT = iphoneos;
				VALIDATE_PRODUCT = YES;
			};
			name = Release;
		};
		B7E050371EB2491E006EC1EC /* Debug */ = {
			isa = XCBuildConfiguration;
			buildSettings = {
				CLANG_CXX_LANGUAGE_STANDARD = "c++14";
				CLANG_CXX_LIBRARY = "compiler-default";
				DEVELOPMENT_TEAM = SBPJ2E4G5X;
				MACH_O_TYPE = staticlib;
				OTHER_LDFLAGS = (
					"-ObjC",
					"-lz",
				);
				PRODUCT_NAME = "$(TARGET_NAME)";
				SKIP_INSTALL = YES;
			};
			name = Debug;
		};
		B7E050381EB2491E006EC1EC /* Release */ = {
			isa = XCBuildConfiguration;
			buildSettings = {
				CLANG_CXX_LANGUAGE_STANDARD = "c++14";
				CLANG_CXX_LIBRARY = "compiler-default";
				DEVELOPMENT_TEAM = SBPJ2E4G5X;
				MACH_O_TYPE = staticlib;
				OTHER_LDFLAGS = (
					"-ObjC",
					"-lz",
				);
				PRODUCT_NAME = "$(TARGET_NAME)";
				SKIP_INSTALL = YES;
			};
			name = Release;
		};
/* End XCBuildConfiguration section */

/* Begin XCConfigurationList section */
		B72A64E21EC0525500F71131 /* Build configuration list for PBXNativeTarget "AccountSettingsAdapterTests" */ = {
			isa = XCConfigurationList;
			buildConfigurations = (
				B72A64E01EC0525500F71131 /* Debug */,
				B72A64E11EC0525500F71131 /* Release */,
			);
			defaultConfigurationIsVisible = 0;
			defaultConfigurationName = Release;
		};
		B7E050281EB2491E006EC1EC /* Build configuration list for PBXProject "AccountSettingsAdapter" */ = {
			isa = XCConfigurationList;
			buildConfigurations = (
				B7E050341EB2491E006EC1EC /* Debug */,
				B7E050351EB2491E006EC1EC /* Release */,
			);
			defaultConfigurationIsVisible = 0;
			defaultConfigurationName = Release;
		};
		B7E050361EB2491E006EC1EC /* Build configuration list for PBXNativeTarget "AccountSettingsAdapter" */ = {
			isa = XCConfigurationList;
			buildConfigurations = (
				B7E050371EB2491E006EC1EC /* Debug */,
				B7E050381EB2491E006EC1EC /* Release */,
			);
			defaultConfigurationIsVisible = 0;
			defaultConfigurationName = Release;
		};
/* End XCConfigurationList section */
	};
	rootObject = B7E050251EB2491E006EC1EC /* Project object */;
}
